<?xml version="1.0" encoding="utf-8"?>
<Project ToolsVersion="4.0" xmlns="http://schemas.microsoft.com/developer/msbuild/2003">
  <ItemGroup>
    <Filter Include="Source Files">
      <UniqueIdentifier>{4FC737F1-C7A5-4376-A066-2A32D752A2FF}</UniqueIdentifier>
      <Extensions>cpp;c;cc;cxx;c++;cppm;ixx;def;odl;idl;hpj;bat;asm;asmx</Extensions>
    </Filter>
    <Filter Include="Header Files">
      <UniqueIdentifier>{93995380-89BD-4b04-88EB-625FBE52EBFB}</UniqueIdentifier>
      <Extensions>h;hh;hpp;hxx;h++;hm;inl;inc;ipp;xsd</Extensions>
    </Filter>
    <Filter Include="Resource Files">
      <UniqueIdentifier>{67DA6AB6-F800-4c08-8B7A-83BB121AAD01}</UniqueIdentifier>
      <Extensions>rc;ico;cur;bmp;dlg;rc2;rct;bin;rgs;gif;jpg;jpeg;jpe;resx;tiff;tif;png;wav;mfcribbon-ms</Extensions>
    </Filter>
    <Filter Include="Source Files\enemies">
      <UniqueIdentifier>{71ad9adf-6ed3-45aa-8689-0a89d46bbac6}</UniqueIdentifier>
    </Filter>
    <Filter Include="Header Files\enemies">
      <UniqueIdentifier>{2a571f58-032f-41e9-b1d1-076801a053c0}</UniqueIdentifier>
    </Filter>
    <Filter Include="Source Files\map">
      <UniqueIdentifier>{74851cc6-2a6b-4fb1-8155-f11890d8d2b8}</UniqueIdentifier>
    </Filter>
    <Filter Include="Header Files\map">
      <UniqueIdentifier>{98a74651-f020-4bdd-b5e3-347694ef302b}</UniqueIdentifier>
    </Filter>
  </ItemGroup>
  <ItemGroup>
    <ClCompile Include="main.cpp">
      <Filter>Source Files</Filter>
    </ClCompile>
    <ClCompile Include="Animations.cpp">
      <Filter>Source Files</Filter>
    </ClCompile>
    <ClCompile Include="Game.cpp">
      <Filter>Source Files</Filter>
    </ClCompile>
    <ClCompile Include="GameObject.cpp">
      <Filter>Source Files</Filter>
    </ClCompile>
    <ClCompile Include="Mario.cpp">
      <Filter>Source Files</Filter>
    </ClCompile>
    <ClCompile Include="PlayScence.cpp">
      <Filter>Source Files</Filter>
    </ClCompile>
    <ClCompile Include="Sprites.cpp">
      <Filter>Source Files</Filter>
    </ClCompile>
    <ClCompile Include="Textures.cpp">
      <Filter>Source Files</Filter>
    </ClCompile>
    <ClCompile Include="Utils.cpp">
      <Filter>Source Files</Filter>
    </ClCompile>
    <ClCompile Include="Goomba.cpp">
      <Filter>Source Files\enemies</Filter>
    </ClCompile>
    <ClCompile Include="GoombaW.cpp">
      <Filter>Source Files\enemies</Filter>
    </ClCompile>
    <ClCompile Include="Koopas.cpp">
      <Filter>Source Files\enemies</Filter>
    </ClCompile>
    <ClCompile Include="Portal.cpp">
      <Filter>Source Files\map</Filter>
    </ClCompile>
    <ClCompile Include="Brick.cpp">
      <Filter>Source Files\map</Filter>
    </ClCompile>
    <ClCompile Include="gate.cpp">
      <Filter>Source Files\map</Filter>
    </ClCompile>
    <ClCompile Include="levelup.cpp">
      <Filter>Source Files\enemies</Filter>
    </ClCompile>
    <ClCompile Include="Scence.cpp">
      <Filter>Source Files\map</Filter>
    </ClCompile>
  </ItemGroup>
  <ItemGroup>
    <ClInclude Include="Animations.h">
      <Filter>Header Files</Filter>
    </ClInclude>
    <ClInclude Include="Game.h">
      <Filter>Header Files</Filter>
    </ClInclude>
    <ClInclude Include="GameObject.h">
      <Filter>Header Files</Filter>
    </ClInclude>
    <ClInclude Include="KeyEventHandler.h">
      <Filter>Header Files</Filter>
    </ClInclude>
    <ClInclude Include="Mario.h">
      <Filter>Header Files</Filter>
    </ClInclude>
    <ClInclude Include="PlayScence.h">
      <Filter>Header Files</Filter>
    </ClInclude>
    <ClInclude Include="Sprites.h">
      <Filter>Header Files</Filter>
    </ClInclude>
    <ClInclude Include="Textures.h">
      <Filter>Header Files</Filter>
    </ClInclude>
    <ClInclude Include="Utils.h">
      <Filter>Header Files</Filter>
    </ClInclude>
    <ClInclude Include="Goomba.h">
      <Filter>Header Files\enemies</Filter>
    </ClInclude>
    <ClInclude Include="GoombaW.h">
      <Filter>Header Files\enemies</Filter>
    </ClInclude>
    <ClInclude Include="Koopas.h">
      <Filter>Header Files\enemies</Filter>
    </ClInclude>
    <ClInclude Include="Brick.h">
      <Filter>Header Files\map</Filter>
    </ClInclude>
    <ClInclude Include="gate.h">
      <Filter>Header Files\map</Filter>
    </ClInclude>
    <ClInclude Include="Portal.h">
      <Filter>Header Files\map</Filter>
    </ClInclude>
    <ClInclude Include="levelup.h">
      <Filter>Header Files\enemies</Filter>
    </ClInclude>
    <ClInclude Include="Scence.h">
      <Filter>Header Files\map</Filter>
    </ClInclude>
  </ItemGroup>
  <ItemGroup>
    <Image Include="brick.png">
      <Filter>Resource Files</Filter>
    </Image>
    <Image Include="textures\bbox.png">
      <Filter>Resource Files</Filter>
    </Image>
    <Image Include="textures\enemies.png">
      <Filter>Resource Files</Filter>
    </Image>
    <Image Include="textures\enemies-2.png">
      <Filter>Resource Files</Filter>
    </Image>
    <Image Include="textures\misc.png">
      <Filter>Resource Files</Filter>
    </Image>
    <Image Include="textures\mario.png">
      <Filter>Resource Files</Filter>
    </Image>
  </ItemGroup>
</Project>